
Microsoft Visual Studio Solution File, Format Version 12.00
# Visual Studio Version 17
VisualStudioVersion = 17.7.34221.43
MinimumVisualStudioVersion = 10.0.40219.1
Project("{FAE04EC0-301F-11D3-BF4B-00C04F79EFBC}") = "ApiPrueba", "ApiPrueba.csproj", "{AE632180-1E8B-4B61-BE93-DBC0675FE49E}"
EndProject
Global
	GlobalSection(SolutionConfigurationPlatforms) = preSolution
		Debug|Any CPU = Debug|Any CPU
		Release|Any CPU = Release|Any CPU
	EndGlobalSection
	GlobalSection(ProjectConfigurationPlatforms) = postSolution
		{AE632180-1E8B-4B61-BE93-DBC0675FE49E}.Debug|Any CPU.ActiveCfg = Debug|Any CPU
		{AE632180-1E8B-4B61-BE93-DBC0675FE49E}.Debug|Any CPU.Build.0 = Debug|Any CPU
		{AE632180-1E8B-4B61-BE93-DBC0675FE49E}.Release|Any CPU.ActiveCfg = Release|Any CPU
		{AE632180-1E8B-4B61-BE93-DBC0675FE49E}.Release|Any CPU.Build.0 = Release|Any CPU
	EndGlobalSection
	GlobalSection(SolutionProperties) = preSolution
		HideSolutionNode = FALSE
	EndGlobalSection
	GlobalSection(ExtensibilityGlobals) = postSolution
		SolutionGuid = {7F5AD12B-6582-4056-AC0C-E45F33CFE7F2}
	EndGlobalSection
EndGlobal
